{
  "object": {
    "pins": [
      {
        "package": "CSqlite3",
        "repositoryURL": "https://github.com/alloyapple/CSqlite3.git",
        "state": {
          "branch": "master",
          "revision": "fe433d74268135019da44fc79c853d9253ecc615",
          "version": null
        }
      },
      {
        "package": "LoggerKit",
        "repositoryURL": "https://github.com/pvieito/LoggerKit.git",
        "state": {
          "branch": "master",
          "revision": "7d88a110446af6dcaabcba57e3cc3d26e9d49e50",
          "version": null
        }
      },
      {
        "package": "PythonKit",
        "repositoryURL": "https://github.com/kewlbear/PythonKit.git",
        "state": {
          "branch": "master",
          "revision": "6caffb495e6315a00413f52cb034575965d40989",
          "version": null
        }
      },
      {
        "package": "Rainbow",
        "repositoryURL": "https://github.com/onevcat/Rainbow",
        "state": {
          "branch": null,
          "revision": "626c3d4b6b55354b4af3aa309f998fae9b31a3d9",
          "version": "3.2.0"
        }
      },
      {
        "package": "swift-argument-parser",
        "repositoryURL": "https://github.com/apple/swift-argument-parser",
        "state": {
          "branch": "main",
          "revision": "4273ad222e6c51969e8585541f9da5187ad94e47",
          "version": null
        }
      }
    ]
  },
  "version": 1
}
